// !$*UTF8*$!
{
	archiveVersion = 1;
	classes = {
	};
	objectVersion = 46;
	objects = {

/* Begin PBXBuildFile section */
		F40FBF441BD26DFA009457E4 /* AppDelegate.swift in Sources */ = {isa = PBXBuildFile; fileRef = F40FBF431BD26DFA009457E4 /* AppDelegate.swift */; };
		F40FBF461BD26DFA009457E4 /* MainViewController.swift in Sources */ = {isa = PBXBuildFile; fileRef = F40FBF451BD26DFA009457E4 /* MainViewController.swift */; };
		F40FBF491BD26DFA009457E4 /* Main.storyboard in Resources */ = {isa = PBXBuildFile; fileRef = F40FBF471BD26DFA009457E4 /* Main.storyboard */; };
		F40FBF4C1BD26DFA009457E4 /* Money.xcdatamodeld in Sources */ = {isa = PBXBuildFile; fileRef = F40FBF4A1BD26DFA009457E4 /* Money.xcdatamodeld */; };
		F40FBF4E1BD26DFA009457E4 /* Assets.xcassets in Resources */ = {isa = PBXBuildFile; fileRef = F40FBF4D1BD26DFA009457E4 /* Assets.xcassets */; };
		F40FBF511BD26DFA009457E4 /* LaunchScreen.storyboard in Resources */ = {isa = PBXBuildFile; fileRef = F40FBF4F1BD26DFA009457E4 /* LaunchScreen.storyboard */; };
		F40FBF5B1BD27216009457E4 /* PropertyTableViewController.swift in Sources */ = {isa = PBXBuildFile; fileRef = F40FBF5A1BD27216009457E4 /* PropertyTableViewController.swift */; settings = {ASSET_TAGS = (); }; };
		F40FBF5E1BD279A3009457E4 /* BillTableViewController.swift in Sources */ = {isa = PBXBuildFile; fileRef = F40FBF5D1BD279A3009457E4 /* BillTableViewController.swift */; settings = {ASSET_TAGS = (); }; };
		F40FBF611BD27A63009457E4 /* StatisticsTableViewController.swift in Sources */ = {isa = PBXBuildFile; fileRef = F40FBF601BD27A63009457E4 /* StatisticsTableViewController.swift */; settings = {ASSET_TAGS = (); }; };
		F40FBF641BD27AEF009457E4 /* MeTableViewController.swift in Sources */ = {isa = PBXBuildFile; fileRef = F40FBF631BD27AEF009457E4 /* MeTableViewController.swift */; settings = {ASSET_TAGS = (); }; };
/* End PBXBuildFile section */

/* Begin PBXFileReference section */
		F40FBF401BD26DFA009457E4 /* Money.app */ = {isa = PBXFileReference; explicitFileType = wrapper.application; includeInIndex = 0; path = Money.app; sourceTree = BUILT_PRODUCTS_DIR; };
		F40FBF431BD26DFA009457E4 /* AppDelegate.swift */ = {isa = PBXFileReference; lastKnownFileType = sourcecode.swift; path = AppDelegate.swift; sourceTree = "<group>"; };
		F40FBF451BD26DFA009457E4 /* MainViewController.swift */ = {isa = PBXFileReference; lastKnownFileType = sourcecode.swift; path = MainViewController.swift; sourceTree = "<group>"; };
		F40FBF481BD26DFA009457E4 /* Base */ = {isa = PBXFileReference; lastKnownFileType = file.storyboard; name = Base; path = Base.lproj/Main.storyboard; sourceTree = "<group>"; };
		F40FBF4B1BD26DFA009457E4 /* Money.xcdatamodel */ = {isa = PBXFileReference; lastKnownFileType = wrapper.xcdatamodel; path = Money.xcdatamodel; sourceTree = "<group>"; };
		F40FBF4D1BD26DFA009457E4 /* Assets.xcassets */ = {isa = PBXFileReference; lastKnownFileType = folder.assetcatalog; path = Assets.xcassets; sourceTree = "<group>"; };
		F40FBF501BD26DFA009457E4 /* Base */ = {isa = PBXFileReference; lastKnownFileType = file.storyboard; name = Base; path = Base.lproj/LaunchScreen.storyboard; sourceTree = "<group>"; };
		F40FBF521BD26DFA009457E4 /* Info.plist */ = {isa = PBXFileReference; lastKnownFileType = text.plist.xml; path = Info.plist; sourceTree = "<group>"; };
		F40FBF5A1BD27216009457E4 /* PropertyTableViewController.swift */ = {isa = PBXFileReference; fileEncoding = 4; lastKnownFileType = sourcecode.swift; path = PropertyTableViewController.swift; sourceTree = "<group>"; };
		F40FBF5D1BD279A3009457E4 /* BillTableViewController.swift */ = {isa = PBXFileReference; fileEncoding = 4; lastKnownFileType = sourcecode.swift; path = BillTableViewController.swift; sourceTree = "<group>"; };
		F40FBF601BD27A63009457E4 /* StatisticsTableViewController.swift */ = {isa = PBXFileReference; fileEncoding = 4; lastKnownFileType = sourcecode.swift; path = StatisticsTableViewController.swift; sourceTree = "<group>"; };
		F40FBF631BD27AEF009457E4 /* MeTableViewController.swift */ = {isa = PBXFileReference; fileEncoding = 4; lastKnownFileType = sourcecode.swift; path = MeTableViewController.swift; sourceTree = "<group>"; };
/* End PBXFileReference section */

/* Begin PBXFrameworksBuildPhase section */
		F40FBF3D1BD26DFA009457E4 /* Frameworks */ = {
			isa = PBXFrameworksBuildPhase;
			buildActionMask = 2147483647;
			files = (
			);
			runOnlyForDeploymentPostprocessing = 0;
		};
/* End PBXFrameworksBuildPhase section */

/* Begin PBXGroup section */
		F40FBF371BD26DFA009457E4 = {
			isa = PBXGroup;
			children = (
				F40FBF421BD26DFA009457E4 /* Money */,
				F40FBF411BD26DFA009457E4 /* Products */,
			);
			sourceTree = "<group>";
		};
		F40FBF411BD26DFA009457E4 /* Products */ = {
			isa = PBXGroup;
			children = (
				F40FBF401BD26DFA009457E4 /* Money.app */,
			);
			name = Products;
			sourceTree = "<group>";
		};
		F40FBF421BD26DFA009457E4 /* Money */ = {
			isa = PBXGroup;
			children = (
				F40FBF581BD2714A009457E4 /* App */,
				F40FBF591BD27160009457E4 /* Property */,
				F40FBF5C1BD27991009457E4 /* Bill */,
				F40FBF5F1BD27A4A009457E4 /* Statistics */,
				F40FBF621BD27ADC009457E4 /* Me */,
				F40FBF4D1BD26DFA009457E4 /* Assets.xcassets */,
				F40FBF4F1BD26DFA009457E4 /* LaunchScreen.storyboard */,
				F40FBF521BD26DFA009457E4 /* Info.plist */,
				F40FBF4A1BD26DFA009457E4 /* Money.xcdatamodeld */,
			);
			path = Money;
			sourceTree = "<group>";
		};
		F40FBF581BD2714A009457E4 /* App */ = {
			isa = PBXGroup;
			children = (
				F40FBF431BD26DFA009457E4 /* AppDelegate.swift */,
				F40FBF451BD26DFA009457E4 /* MainViewController.swift */,
				F40FBF471BD26DFA009457E4 /* Main.storyboard */,
			);
			name = App;
			sourceTree = "<group>";
		};
		F40FBF591BD27160009457E4 /* Property */ = {
			isa = PBXGroup;
			children = (
				F40FBF5A1BD27216009457E4 /* PropertyTableViewController.swift */,
			);
			name = Property;
			sourceTree = "<group>";
		};
		F40FBF5C1BD27991009457E4 /* Bill */ = {
			isa = PBXGroup;
			children = (
				F40FBF5D1BD279A3009457E4 /* BillTableViewController.swift */,
			);
			name = Bill;
			sourceTree = "<group>";
		};
		F40FBF5F1BD27A4A009457E4 /* Statistics */ = {
			isa = PBXGroup;
			children = (
				F40FBF601BD27A63009457E4 /* StatisticsTableViewController.swift */,
			);
			name = Statistics;
			sourceTree = "<group>";
		};
		F40FBF621BD27ADC009457E4 /* Me */ = {
			isa = PBXGroup;
			children = (
				F40FBF631BD27AEF009457E4 /* MeTableViewController.swift */,
			);
			name = Me;
			sourceTree = "<group>";
		};
/* End PBXGroup section */

/* Begin PBXNativeTarget section */
		F40FBF3F1BD26DFA009457E4 /* Money */ = {
			isa = PBXNativeTarget;
			buildConfigurationList = F40FBF551BD26DFA009457E4 /* Build configuration list for PBXNativeTarget "Money" */;
			buildPhases = (
				F40FBF3C1BD26DFA009457E4 /* Sources */,
				F40FBF3D1BD26DFA009457E4 /* Frameworks */,
				F40FBF3E1BD26DFA009457E4 /* Resources */,
			);
			buildRules = (
			);
			dependencies = (
			);
			name = Money;
			productName = Money;
			productReference = F40FBF401BD26DFA009457E4 /* Money.app */;
			productType = "com.apple.product-type.application";
		};
/* End PBXNativeTarget section */

/* Begin PBXProject section */
		F40FBF381BD26DFA009457E4 /* Project object */ = {
			isa = PBXProject;
			attributes = {
				LastUpgradeCheck = 0700;
				ORGANIZATIONNAME = " 李俊";
				TargetAttributes = {
					F40FBF3F1BD26DFA009457E4 = {
						CreatedOnToolsVersion = 7.0.1;
					};
				};
			};
			buildConfigurationList = F40FBF3B1BD26DFA009457E4 /* Build configuration list for PBXProject "Money" */;
			compatibilityVersion = "Xcode 3.2";
			developmentRegion = English;
			hasScannedForEncodings = 0;
			knownRegions = (
				en,
				Base,
			);
			mainGroup = F40FBF371BD26DFA009457E4;
			productRefGroup = F40FBF411BD26DFA009457E4 /* Products */;
			projectDirPath = "";
			projectRoot = "";
			targets = (
				F40FBF3F1BD26DFA009457E4 /* Money */,
			);
		};
/* End PBXProject section */

/* Begin PBXResourcesBuildPhase section */
		F40FBF3E1BD26DFA009457E4 /* Resources */ = {
			isa = PBXResourcesBuildPhase;
			buildActionMask = 2147483647;
			files = (
				F40FBF511BD26DFA009457E4 /* LaunchScreen.storyboard in Resources */,
				F40FBF4E1BD26DFA009457E4 /* Assets.xcassets in Resources */,
				F40FBF491BD26DFA009457E4 /* Main.storyboard in Resources */,
			);
			runOnlyForDeploymentPostprocessing = 0;
		};
/* End PBXResourcesBuildPhase section */

/* Begin PBXSourcesBuildPhase section */
		F40FBF3C1BD26DFA009457E4 /* Sources */ = {
			isa = PBXSourcesBuildPhase;
			buildActionMask = 2147483647;
			files = (
				F40FBF5B1BD27216009457E4 /* PropertyTableViewController.swift in Sources */,
				F40FBF461BD26DFA009457E4 /* MainViewController.swift in Sources */,
				F40FBF641BD27AEF009457E4 /* MeTableViewController.swift in Sources */,
				F40FBF611BD27A63009457E4 /* StatisticsTableViewController.swift in Sources */,
				F40FBF4C1BD26DFA009457E4 /* Money.xcdatamodeld in Sources */,
				F40FBF5E1BD279A3009457E4 /* BillTableViewController.swift in Sources */,
				F40FBF441BD26DFA009457E4 /* AppDelegate.swift in Sources */,
			);
			runOnlyForDeploymentPostprocessing = 0;
		};
/* End PBXSourcesBuildPhase section */

/* Begin PBXVariantGroup section */
		F40FBF471BD26DFA009457E4 /* Main.storyboard */ = {
			isa = PBXVariantGroup;
			children = (
				F40FBF481BD26DFA009457E4 /* Base */,
			);
			name = Main.storyboard;
			sourceTree = "<group>";
		};
		F40FBF4F1BD26DFA009457E4 /* LaunchScreen.storyboard */ = {
			isa = PBXVariantGroup;
			children = (
				F40FBF501BD26DFA009457E4 /* Base */,
			);
			name = LaunchScreen.storyboard;
			sourceTree = "<group>";
		};
/* End PBXVariantGroup section */

/* Begin XCBuildConfiguration section */
		F40FBF531BD26DFA009457E4 /* Debug */ = {
			isa = XCBuildConfiguration;
			buildSettings = {
				ALWAYS_SEARCH_USER_PATHS = NO;
				CLANG_CXX_LANGUAGE_STANDARD = "gnu++0x";
				CLANG_CXX_LIBRARY = "libc++";
				CLANG_ENABLE_MODULES = YES;
				CLANG_ENABLE_OBJC_ARC = YES;
				CLANG_WARN_BOOL_CONVERSION = YES;
				CLANG_WARN_CONSTANT_CONVERSION = YES;
				CLANG_WARN_DIRECT_OBJC_ISA_USAGE = YES_ERROR;
				CLANG_WARN_EMPTY_BODY = YES;
				CLANG_WARN_ENUM_CONVERSION = YES;
				CLANG_WARN_INT_CONVERSION = YES;
				CLANG_WARN_OBJC_ROOT_CLASS = YES_ERROR;
				CLANG_WARN_UNREACHABLE_CODE = YES;
				CLANG_WARN__DUPLICATE_METHOD_MATCH = YES;
				"CODE_SIGN_IDENTITY[sdk=iphoneos*]" = "iPhone Developer";
				COPY_PHASE_STRIP = NO;
				DEBUG_INFORMATION_FORMAT = dwarf;
				ENABLE_STRICT_OBJC_MSGSEND = YES;
				ENABLE_TESTABILITY = YES;
				GCC_C_LANGUAGE_STANDARD = gnu99;
				GCC_DYNAMIC_NO_PIC = NO;
				GCC_NO_COMMON_BLOCKS = YES;
				GCC_OPTIMIZATION_LEVEL = 0;
				GCC_PREPROCESSOR_DEFINITIONS = (
					"DEBUG=1",
					"$(inherited)",
				);
				GCC_WARN_64_TO_32_BIT_CONVERSION = YES;
				GCC_WARN_ABOUT_RETURN_TYPE = YES_ERROR;
				GCC_WARN_UNDECLARED_SELECTOR = YES;
				GCC_WARN_UNINITIALIZED_AUTOS = YES_AGGRESSIVE;
				GCC_WARN_UNUSED_FUNCTION = YES;
				GCC_WARN_UNUSED_VARIABLE = YES;
				IPHONEOS_DEPLOYMENT_TARGET = 8.0;
				MTL_ENABLE_DEBUG_INFO = YES;
				ONLY_ACTIVE_ARCH = YES;
				SDKROOT = iphoneos;
				SWIFT_OPTIMIZATION_LEVEL = "-Onone";
			};
			name = Debug;
		};
		F40FBF541BD26DFA009457E4 /* Release */ = {
			isa = XCBuildConfiguration;
			buildSettings = {
				ALWAYS_SEARCH_USER_PATHS = NO;
				CLANG_CXX_LANGUAGE_STANDARD = "gnu++0x";
				CLANG_CXX_LIBRARY = "libc++";
				CLANG_ENABLE_MODULES = YES;
				CLANG_ENABLE_OBJC_ARC = YES;
				CLANG_WARN_BOOL_CONVERSION = YES;
				CLANG_WARN_CONSTANT_CONVERSION = YES;
				CLANG_WARN_DIRECT_OBJC_ISA_USAGE = YES_ERROR;
				CLANG_WARN_EMPTY_BODY = YES;
				CLANG_WARN_ENUM_CONVERSION = YES;
				CLANG_WARN_INT_CONVERSION = YES;
				CLANG_WARN_OBJC_ROOT_CLASS = YES_ERROR;
				CLANG_WARN_UNREACHABLE_CODE = YES;
				CLANG_WARN__DUPLICATE_METHOD_MATCH = YES;
				"CODE_SIGN_IDENTITY[sdk=iphoneos*]" = "iPhone Developer";
				COPY_PHASE_STRIP = NO;
				DEBUG_INFORMATION_FORMAT = "dwarf-with-dsym";
				ENABLE_NS_ASSERTIONS = NO;
				ENABLE_STRICT_OBJC_MSGSEND = YES;
				GCC_C_LANGUAGE_STANDARD = gnu99;
				GCC_NO_COMMON_BLOCKS = YES;
				GCC_WARN_64_TO_32_BIT_CONVERSION = YES;
				GCC_WARN_ABOUT_RETURN_TYPE = YES_ERROR;
				GCC_WARN_UNDECLARED_SELECTOR = YES;
				GCC_WARN_UNINITIALIZED_AUTOS = YES_AGGRESSIVE;
				GCC_WARN_UNUSED_FUNCTION = YES;
				GCC_WARN_UNUSED_VARIABLE = YES;
				IPHONEOS_DEPLOYMENT_TARGET = 8.0;
				MTL_ENABLE_DEBUG_INFO = NO;
				SDKROOT = iphoneos;
				VALIDATE_PRODUCT = YES;
			};
			name = Release;
		};
		F40FBF561BD26DFA009457E4 /* Debug */ = {
			isa = XCBuildConfiguration;
			buildSettings = {
				ASSETCATALOG_COMPILER_APPICON_NAME = AppIcon;
				INFOPLIST_FILE = Money/Info.plist;
				LD_RUNPATH_SEARCH_PATHS = "$(inherited) @executable_path/Frameworks";
				PRODUCT_BUNDLE_IDENTIFIER = com.likumb.com.Money;
				PRODUCT_NAME = "$(TARGET_NAME)";
			};
			name = Debug;
		};
		F40FBF571BD26DFA009457E4 /* Release */ = {
			isa = XCBuildConfiguration;
			buildSettings = {
				ASSETCATALOG_COMPILER_APPICON_NAME = AppIcon;
				INFOPLIST_FILE = Money/Info.plist;
				LD_RUNPATH_SEARCH_PATHS = "$(inherited) @executable_path/Frameworks";
				PRODUCT_BUNDLE_IDENTIFIER = com.likumb.com.Money;
				PRODUCT_NAME = "$(TARGET_NAME)";
			};
			name = Release;
		};
/* End XCBuildConfiguration section */

/* Begin XCConfigurationList section */
		F40FBF3B1BD26DFA009457E4 /* Build configuration list for PBXProject "Money" */ = {
			isa = XCConfigurationList;
			buildConfigurations = (
				F40FBF531BD26DFA009457E4 /* Debug */,
				F40FBF541BD26DFA009457E4 /* Release */,
			);
			defaultConfigurationIsVisible = 0;
			defaultConfigurationName = Release;
		};
		F40FBF551BD26DFA009457E4 /* Build configuration list for PBXNativeTarget "Money" */ = {
			isa = XCConfigurationList;
			buildConfigurations = (
				F40FBF561BD26DFA009457E4 /* Debug */,
				F40FBF571BD26DFA009457E4 /* Release */,
			);
			defaultConfigurationIsVisible = 0;
		};
/* End XCConfigurationList section */

/* Begin XCVersionGroup section */
		F40FBF4A1BD26DFA009457E4 /* Money.xcdatamodeld */ = {
			isa = XCVersionGroup;
			children = (
				F40FBF4B1BD26DFA009457E4 /* Money.xcdatamodel */,
			);
			currentVersion = F40FBF4B1BD26DFA009457E4 /* Money.xcdatamodel */;
			path = Money.xcdatamodeld;
			sourceTree = "<group>";
			versionGroupType = wrapper.xcdatamodel;
		};
/* End XCVersionGroup section */
	};
	rootObject = F40FBF381BD26DFA009457E4 /* Project object */;
}
